
Microsoft Visual Studio Solution File, Format Version 12.00
# Visual Studio Version 16
VisualStudioVersion = 16.0.29209.62
MinimumVisualStudioVersion = 10.0.40219.1
Project("{9A19103F-16F7-4668-BE54-9A1E7A4F7556}") = "ImportDataToCSharp", "ImportDataToCSharp\ImportDataToCSharp.csproj", "{9527EB8B-3D7E-4A12-8D94-7786779007B0}"
EndProject
Project("{9A19103F-16F7-4668-BE54-9A1E7A4F7556}") = "UnicodeScriptDetectorNet", "UnicodeScriptDetectorNet\UnicodeScriptDetectorNet.csproj", "{73E9BDC7-B4A0-4D9C-A227-8FC6E2061A7B}"
EndProject
Project("{9A19103F-16F7-4668-BE54-9A1E7A4F7556}") = "Tester", "Tester\Tester.csproj", "{6DBAC271-9064-4B0B-A33A-FEF1DD0C17DD}"
EndProject
Project("{2150E333-8FDC-42A3-9474-1A3956D46DE8}") = "Solution Items", "Solution Items", "{16B7FE25-EB64-4B23-BFE6-EBADEAFB8BC9}"
	ProjectSection(SolutionItems) = preProject
		README.md = README.md
		Unicode data copyright and terms of use.txt = Unicode data copyright and terms of use.txt
	EndProjectSection
EndProject
Project("{FAE04EC0-301F-11D3-BF4B-00C04F79EFBC}") = "TestNuGet", "TestNuGet\TestNuGet.csproj", "{174F37EA-6D64-4EEE-8986-958507FFCF56}"
EndProject
Global
	GlobalSection(SolutionConfigurationPlatforms) = preSolution
		Debug|Any CPU = Debug|Any CPU
		Release|Any CPU = Release|Any CPU
	EndGlobalSection
	GlobalSection(ProjectConfigurationPlatforms) = postSolution
		{9527EB8B-3D7E-4A12-8D94-7786779007B0}.Debug|Any CPU.ActiveCfg = Debug|Any CPU
		{9527EB8B-3D7E-4A12-8D94-7786779007B0}.Debug|Any CPU.Build.0 = Debug|Any CPU
		{9527EB8B-3D7E-4A12-8D94-7786779007B0}.Release|Any CPU.ActiveCfg = Release|Any CPU
		{9527EB8B-3D7E-4A12-8D94-7786779007B0}.Release|Any CPU.Build.0 = Release|Any CPU
		{73E9BDC7-B4A0-4D9C-A227-8FC6E2061A7B}.Debug|Any CPU.ActiveCfg = Debug|Any CPU
		{73E9BDC7-B4A0-4D9C-A227-8FC6E2061A7B}.Debug|Any CPU.Build.0 = Debug|Any CPU
		{73E9BDC7-B4A0-4D9C-A227-8FC6E2061A7B}.Release|Any CPU.ActiveCfg = Release|Any CPU
		{73E9BDC7-B4A0-4D9C-A227-8FC6E2061A7B}.Release|Any CPU.Build.0 = Release|Any CPU
		{6DBAC271-9064-4B0B-A33A-FEF1DD0C17DD}.Debug|Any CPU.ActiveCfg = Debug|Any CPU
		{6DBAC271-9064-4B0B-A33A-FEF1DD0C17DD}.Debug|Any CPU.Build.0 = Debug|Any CPU
		{6DBAC271-9064-4B0B-A33A-FEF1DD0C17DD}.Release|Any CPU.ActiveCfg = Release|Any CPU
		{6DBAC271-9064-4B0B-A33A-FEF1DD0C17DD}.Release|Any CPU.Build.0 = Release|Any CPU
		{174F37EA-6D64-4EEE-8986-958507FFCF56}.Debug|Any CPU.ActiveCfg = Debug|Any CPU
		{174F37EA-6D64-4EEE-8986-958507FFCF56}.Debug|Any CPU.Build.0 = Debug|Any CPU
		{174F37EA-6D64-4EEE-8986-958507FFCF56}.Release|Any CPU.ActiveCfg = Release|Any CPU
		{174F37EA-6D64-4EEE-8986-958507FFCF56}.Release|Any CPU.Build.0 = Release|Any CPU
	EndGlobalSection
	GlobalSection(SolutionProperties) = preSolution
		HideSolutionNode = FALSE
	EndGlobalSection
	GlobalSection(ExtensibilityGlobals) = postSolution
		SolutionGuid = {2EDB4F14-4AB9-40EE-9F18-6CE7131C3D55}
	EndGlobalSection
EndGlobal
